
Microsoft Visual Studio Solution File, Format Version 12.00
Project("{FAE04EC0-301F-11D3-BF4B-00C04F79EFBC}") = "Gtk Theme Manager", "Gtk Theme Manager\Gtk Theme Manager.csproj", "{2F1BF9D9-3657-491D-86EB-D3B13571ACEE}"
EndProject
Global
	GlobalSection(SolutionConfigurationPlatforms) = preSolution
		Debug|Any CPU = Debug|Any CPU
		Release|Any CPU = Release|Any CPU
	EndGlobalSection
	GlobalSection(ProjectConfigurationPlatforms) = postSolution
		{2F1BF9D9-3657-491D-86EB-D3B13571ACEE}.Debug|Any CPU.ActiveCfg = Debug|Any CPU
		{2F1BF9D9-3657-491D-86EB-D3B13571ACEE}.Debug|Any CPU.Build.0 = Debug|Any CPU
		{2F1BF9D9-3657-491D-86EB-D3B13571ACEE}.Release|Any CPU.ActiveCfg = Release|Any CPU
		{2F1BF9D9-3657-491D-86EB-D3B13571ACEE}.Release|Any CPU.Build.0 = Release|Any CPU
	EndGlobalSection
EndGlobal
